
Microsoft Visual Studio Solution File, Format Version 12.00
# Visual Studio Version 17
VisualStudioVersion = 17.14.37314.3 d17.14
MinimumVisualStudioVersion = 10.0.40219.1
Project("{FAE04EC0-301F-11D3-BF4B-00C04F79EFBC}") = "ArraysTrainingDemo", "ArraysTrainingDemo\ArraysTrainingDemo.csproj", "{E555C0B9-A1BC-4738-BA68-EDC03B098199}"
EndProject
Global
	GlobalSection(SolutionConfigurationPlatforms) = preSolution
		Debug|Any CPU = Debug|Any CPU
		Release|Any CPU = Release|Any CPU
	EndGlobalSection
	GlobalSection(ProjectConfigurationPlatforms) = postSolution
		{E555C0B9-A1BC-4738-BA68-EDC03B098199}.Debug|Any CPU.ActiveCfg = Debug|Any CPU
		{E555C0B9-A1BC-4738-BA68-EDC03B098199}.Debug|Any CPU.Build.0 = Debug|Any CPU
		{E555C0B9-A1BC-4738-BA68-EDC03B098199}.Release|Any CPU.ActiveCfg = Release|Any CPU
		{E555C0B9-A1BC-4738-BA68-EDC03B098199}.Release|Any CPU.Build.0 = Release|Any CPU
	EndGlobalSection
	GlobalSection(SolutionProperties) = preSolution
		HideSolutionNode = FALSE
	EndGlobalSection
	GlobalSection(ExtensibilityGlobals) = postSolution
		SolutionGuid = {9C4C42B7-D579-45CD-A73C-8BD57509A7DD}
	EndGlobalSection
EndGlobal
