
Microsoft Visual Studio Solution File, Format Version 12.00
# Visual Studio Version 17
VisualStudioVersion = 17.14.37314.3 d17.14
MinimumVisualStudioVersion = 10.0.40219.1
Project("{FAE04EC0-301F-11D3-BF4B-00C04F79EFBC}") = "HealthcareDecisionApp", "HealthcareDecisionApp\HealthcareDecisionApp.csproj", "{4C69ACC8-0276-48FC-8B6D-45FD94414788}"
EndProject
Global
	GlobalSection(SolutionConfigurationPlatforms) = preSolution
		Debug|Any CPU = Debug|Any CPU
		Release|Any CPU = Release|Any CPU
	EndGlobalSection
	GlobalSection(ProjectConfigurationPlatforms) = postSolution
		{4C69ACC8-0276-48FC-8B6D-45FD94414788}.Debug|Any CPU.ActiveCfg = Debug|Any CPU
		{4C69ACC8-0276-48FC-8B6D-45FD94414788}.Debug|Any CPU.Build.0 = Debug|Any CPU
		{4C69ACC8-0276-48FC-8B6D-45FD94414788}.Release|Any CPU.ActiveCfg = Release|Any CPU
		{4C69ACC8-0276-48FC-8B6D-45FD94414788}.Release|Any CPU.Build.0 = Release|Any CPU
	EndGlobalSection
	GlobalSection(SolutionProperties) = preSolution
		HideSolutionNode = FALSE
	EndGlobalSection
	GlobalSection(ExtensibilityGlobals) = postSolution
		SolutionGuid = {92D25F58-C9C2-4C15-AEF2-92987FC46AA2}
	EndGlobalSection
EndGlobal
