
Microsoft Visual Studio Solution File, Format Version 12.00
# Visual Studio Version 17
VisualStudioVersion = 17.14.37314.3 d17.14
MinimumVisualStudioVersion = 10.0.40219.1
Project("{FAE04EC0-301F-11D3-BF4B-00C04F79EFBC}") = "CareBridge.PatientAPI", "CareBridge.PatientAPI\CareBridge.PatientAPI.csproj", "{451AD27A-304A-4622-8B6A-395DA2B90368}"
EndProject
Global
	GlobalSection(SolutionConfigurationPlatforms) = preSolution
		Debug|Any CPU = Debug|Any CPU
		Release|Any CPU = Release|Any CPU
	EndGlobalSection
	GlobalSection(ProjectConfigurationPlatforms) = postSolution
		{451AD27A-304A-4622-8B6A-395DA2B90368}.Debug|Any CPU.ActiveCfg = Debug|Any CPU
		{451AD27A-304A-4622-8B6A-395DA2B90368}.Debug|Any CPU.Build.0 = Debug|Any CPU
		{451AD27A-304A-4622-8B6A-395DA2B90368}.Release|Any CPU.ActiveCfg = Release|Any CPU
		{451AD27A-304A-4622-8B6A-395DA2B90368}.Release|Any CPU.Build.0 = Release|Any CPU
	EndGlobalSection
	GlobalSection(SolutionProperties) = preSolution
		HideSolutionNode = FALSE
	EndGlobalSection
	GlobalSection(ExtensibilityGlobals) = postSolution
		SolutionGuid = {D74D83FC-AE57-41BB-8652-F7193D51B38A}
	EndGlobalSection
EndGlobal
