
Microsoft Visual Studio Solution File, Format Version 12.00
# Visual Studio Version 17
VisualStudioVersion = 17.14.37314.3 d17.14
MinimumVisualStudioVersion = 10.0.40219.1
Project("{FAE04EC0-301F-11D3-BF4B-00C04F79EFBC}") = "EHRMvcDemo", "EHRMvcDemo\EHRMvcDemo.csproj", "{6228FA63-C4E6-457D-BEF7-7632D5C06611}"
EndProject
Global
	GlobalSection(SolutionConfigurationPlatforms) = preSolution
		Debug|Any CPU = Debug|Any CPU
		Release|Any CPU = Release|Any CPU
	EndGlobalSection
	GlobalSection(ProjectConfigurationPlatforms) = postSolution
		{6228FA63-C4E6-457D-BEF7-7632D5C06611}.Debug|Any CPU.ActiveCfg = Debug|Any CPU
		{6228FA63-C4E6-457D-BEF7-7632D5C06611}.Debug|Any CPU.Build.0 = Debug|Any CPU
		{6228FA63-C4E6-457D-BEF7-7632D5C06611}.Release|Any CPU.ActiveCfg = Release|Any CPU
		{6228FA63-C4E6-457D-BEF7-7632D5C06611}.Release|Any CPU.Build.0 = Release|Any CPU
	EndGlobalSection
	GlobalSection(SolutionProperties) = preSolution
		HideSolutionNode = FALSE
	EndGlobalSection
	GlobalSection(ExtensibilityGlobals) = postSolution
		SolutionGuid = {804AC33C-93E0-4BF2-841F-50ECF9281D80}
	EndGlobalSection
EndGlobal
