
Microsoft Visual Studio Solution File, Format Version 12.00
# Visual Studio Version 17
VisualStudioVersion = 17.14.37314.3 d17.14
MinimumVisualStudioVersion = 10.0.40219.1
Project("{FAE04EC0-301F-11D3-BF4B-00C04F79EFBC}") = "ListDemo", "ListDemo\ListDemo.csproj", "{4D6617FA-A3F0-4C5B-A89A-0A699DC4E3F4}"
EndProject
Global
	GlobalSection(SolutionConfigurationPlatforms) = preSolution
		Debug|Any CPU = Debug|Any CPU
		Release|Any CPU = Release|Any CPU
	EndGlobalSection
	GlobalSection(ProjectConfigurationPlatforms) = postSolution
		{4D6617FA-A3F0-4C5B-A89A-0A699DC4E3F4}.Debug|Any CPU.ActiveCfg = Debug|Any CPU
		{4D6617FA-A3F0-4C5B-A89A-0A699DC4E3F4}.Debug|Any CPU.Build.0 = Debug|Any CPU
		{4D6617FA-A3F0-4C5B-A89A-0A699DC4E3F4}.Release|Any CPU.ActiveCfg = Release|Any CPU
		{4D6617FA-A3F0-4C5B-A89A-0A699DC4E3F4}.Release|Any CPU.Build.0 = Release|Any CPU
	EndGlobalSection
	GlobalSection(SolutionProperties) = preSolution
		HideSolutionNode = FALSE
	EndGlobalSection
	GlobalSection(ExtensibilityGlobals) = postSolution
		SolutionGuid = {5A2CC689-F138-4860-9519-9E3F118626F0}
	EndGlobalSection
EndGlobal
