
Microsoft Visual Studio Solution File, Format Version 12.00
# Visual Studio Version 17
VisualStudioVersion = 17.14.37314.3 d17.14
MinimumVisualStudioVersion = 10.0.40219.1
Project("{FAE04EC0-301F-11D3-BF4B-00C04F79EFBC}") = "PatientRegistryConsole", "PatientRegistryConsole\PatientRegistryConsole.csproj", "{52A58D51-CC33-4523-9922-4E94064B3F15}"
EndProject
Global
	GlobalSection(SolutionConfigurationPlatforms) = preSolution
		Debug|Any CPU = Debug|Any CPU
		Release|Any CPU = Release|Any CPU
	EndGlobalSection
	GlobalSection(ProjectConfigurationPlatforms) = postSolution
		{52A58D51-CC33-4523-9922-4E94064B3F15}.Debug|Any CPU.ActiveCfg = Debug|Any CPU
		{52A58D51-CC33-4523-9922-4E94064B3F15}.Debug|Any CPU.Build.0 = Debug|Any CPU
		{52A58D51-CC33-4523-9922-4E94064B3F15}.Release|Any CPU.ActiveCfg = Release|Any CPU
		{52A58D51-CC33-4523-9922-4E94064B3F15}.Release|Any CPU.Build.0 = Release|Any CPU
	EndGlobalSection
	GlobalSection(SolutionProperties) = preSolution
		HideSolutionNode = FALSE
	EndGlobalSection
	GlobalSection(ExtensibilityGlobals) = postSolution
		SolutionGuid = {92D1EF2E-F3FF-4966-86F2-227BE0BF7011}
	EndGlobalSection
EndGlobal
